
Microsoft Visual Studio Solution File, Format Version 12.00
# Visual Studio Version 16
VisualStudioVersion = 16.0.30104.148
MinimumVisualStudioVersion = 10.0.40219.1
Project("{FAE04EC0-301F-11D3-BF4B-00C04F79EFBC}") = "ReactionTimer", "ReactionTimer\ReactionTimer.csproj", "{7ADA913E-ABAB-4EFB-90FF-077E2E1A0E40}"
EndProject
Global
	GlobalSection(SolutionConfigurationPlatforms) = preSolution
		Debug|Any CPU = Debug|Any CPU
		Release|Any CPU = Release|Any CPU
	EndGlobalSection
	GlobalSection(ProjectConfigurationPlatforms) = postSolution
		{7ADA913E-ABAB-4EFB-90FF-077E2E1A0E40}.Debug|Any CPU.ActiveCfg = Debug|Any CPU
		{7ADA913E-ABAB-4EFB-90FF-077E2E1A0E40}.Debug|Any CPU.Build.0 = Debug|Any CPU
		{7ADA913E-ABAB-4EFB-90FF-077E2E1A0E40}.Release|Any CPU.ActiveCfg = Release|Any CPU
		{7ADA913E-ABAB-4EFB-90FF-077E2E1A0E40}.Release|Any CPU.Build.0 = Release|Any CPU
	EndGlobalSection
	GlobalSection(SolutionProperties) = preSolution
		HideSolutionNode = FALSE
	EndGlobalSection
	GlobalSection(ExtensibilityGlobals) = postSolution
		SolutionGuid = {574CCA5F-E3FD-4D89-BBF0-9410F03D4C57}
	EndGlobalSection
EndGlobal
